{
  "name": "browse-like-a-billionaire",
  "version": "0.1.0",
  "lockfileVersion": 3,
  "requires": true,
  "packages": {
    "": {
      "name": "browse-like-a-billionaire",
      "version": "0.1.0",
      "dependencies": {
        "@fawazahmed0/currency-api": "^2026.5.12"
      }
    },
    "node_modules/@fawazahmed0/currency-api": {
      "version": "2026.5.12",
      "resolved": "https://registry.npmjs.org/@fawazahmed0/currency-api/-/currency-api-2026.5.12.tgz",
      "integrity": "sha512-+QGq+2RfaI4y/3UmlNsJOaPs8/9lyHLGhP2JVghuU52J0YmRh6vkhikBxwpYhBbK2TMmsM9Y3VXMxH8rfrEsSw=="
    }
  }
}
